
Microsoft Visual Studio Solution File, Format Version 12.00
# Visual Studio Version 17
VisualStudioVersion = 17.4.33213.308
MinimumVisualStudioVersion = 10.0.40219.1
Project("{FAE04EC0-301F-11D3-BF4B-00C04F79EFBC}") = "laba", "laba.csproj", "{1AE9941D-9C61-4049-9E9E-0AEFB6604FB3}"
EndProject
Global
	GlobalSection(SolutionConfigurationPlatforms) = preSolution
		Debug|Any CPU = Debug|Any CPU
		Release|Any CPU = Release|Any CPU
	EndGlobalSection
	GlobalSection(ProjectConfigurationPlatforms) = postSolution
		{1AE9941D-9C61-4049-9E9E-0AEFB6604FB3}.Debug|Any CPU.ActiveCfg = Debug|Any CPU
		{1AE9941D-9C61-4049-9E9E-0AEFB6604FB3}.Debug|Any CPU.Build.0 = Debug|Any CPU
		{1AE9941D-9C61-4049-9E9E-0AEFB6604FB3}.Release|Any CPU.ActiveCfg = Release|Any CPU
		{1AE9941D-9C61-4049-9E9E-0AEFB6604FB3}.Release|Any CPU.Build.0 = Release|Any CPU
	EndGlobalSection
	GlobalSection(SolutionProperties) = preSolution
		HideSolutionNode = FALSE
	EndGlobalSection
	GlobalSection(ExtensibilityGlobals) = postSolution
		SolutionGuid = {2E199FFC-9E82-4EE0-806B-89A040A29A2A}
	EndGlobalSection
EndGlobal
