
Microsoft Visual Studio Solution File, Format Version 12.00
# Visual Studio Version 18
VisualStudioVersion = 18.4.11605.240 stable
MinimumVisualStudioVersion = 10.0.40219.1
Project("{FAE04EC0-301F-11D3-BF4B-00C04F79EFBC}") = "Pattern Observer and Object pool, Laba 5", "Pattern Observer and Object pool, Laba 5\Pattern Observer and Object pool, Laba 5.csproj", "{5F0B0ABA-5ECA-4F0D-9109-CF1DDA2DA5A0}"
EndProject
Global
	GlobalSection(SolutionConfigurationPlatforms) = preSolution
		Debug|Any CPU = Debug|Any CPU
		Release|Any CPU = Release|Any CPU
	EndGlobalSection
	GlobalSection(ProjectConfigurationPlatforms) = postSolution
		{5F0B0ABA-5ECA-4F0D-9109-CF1DDA2DA5A0}.Debug|Any CPU.ActiveCfg = Debug|Any CPU
		{5F0B0ABA-5ECA-4F0D-9109-CF1DDA2DA5A0}.Debug|Any CPU.Build.0 = Debug|Any CPU
		{5F0B0ABA-5ECA-4F0D-9109-CF1DDA2DA5A0}.Release|Any CPU.ActiveCfg = Release|Any CPU
		{5F0B0ABA-5ECA-4F0D-9109-CF1DDA2DA5A0}.Release|Any CPU.Build.0 = Release|Any CPU
	EndGlobalSection
	GlobalSection(SolutionProperties) = preSolution
		HideSolutionNode = FALSE
	EndGlobalSection
	GlobalSection(ExtensibilityGlobals) = postSolution
		SolutionGuid = {9DAD718B-2716-47DB-A08E-49541C3C4C9E}
	EndGlobalSection
EndGlobal
