
Microsoft Visual Studio Solution File, Format Version 12.00
# Visual Studio Version 17
VisualStudioVersion = 17.4.33213.308
MinimumVisualStudioVersion = 10.0.40219.1
Project("{FAE04EC0-301F-11D3-BF4B-00C04F79EFBC}") = "AsteroidPu", "AsteroidPu\AsteroidPu.csproj", "{AF5C2294-B1C3-4C82-992A-C6C722603947}"
EndProject
Global
	GlobalSection(SolutionConfigurationPlatforms) = preSolution
		Debug|Any CPU = Debug|Any CPU
		Release|Any CPU = Release|Any CPU
	EndGlobalSection
	GlobalSection(ProjectConfigurationPlatforms) = postSolution
		{AF5C2294-B1C3-4C82-992A-C6C722603947}.Debug|Any CPU.ActiveCfg = Debug|Any CPU
		{AF5C2294-B1C3-4C82-992A-C6C722603947}.Debug|Any CPU.Build.0 = Debug|Any CPU
		{AF5C2294-B1C3-4C82-992A-C6C722603947}.Release|Any CPU.ActiveCfg = Release|Any CPU
		{AF5C2294-B1C3-4C82-992A-C6C722603947}.Release|Any CPU.Build.0 = Release|Any CPU
	EndGlobalSection
	GlobalSection(SolutionProperties) = preSolution
		HideSolutionNode = FALSE
	EndGlobalSection
	GlobalSection(ExtensibilityGlobals) = postSolution
		SolutionGuid = {669FD762-F520-47CE-A9AB-1850B5E572A9}
	EndGlobalSection
EndGlobal
