
Microsoft Visual Studio Solution File, Format Version 12.00
# Visual Studio Version 18
VisualStudioVersion = 18.4.11626.88 stable
MinimumVisualStudioVersion = 10.0.40219.1
Project("{FAE04EC0-301F-11D3-BF4B-00C04F79EFBC}") = "AsteroidSimulation", "AsteroidSimulation\AsteroidSimulation.csproj", "{C3464BA2-EF17-48E1-A800-2101FCE09FA8}"
EndProject
Global
	GlobalSection(SolutionConfigurationPlatforms) = preSolution
		Debug|Any CPU = Debug|Any CPU
		Release|Any CPU = Release|Any CPU
	EndGlobalSection
	GlobalSection(ProjectConfigurationPlatforms) = postSolution
		{C3464BA2-EF17-48E1-A800-2101FCE09FA8}.Debug|Any CPU.ActiveCfg = Debug|Any CPU
		{C3464BA2-EF17-48E1-A800-2101FCE09FA8}.Debug|Any CPU.Build.0 = Debug|Any CPU
		{C3464BA2-EF17-48E1-A800-2101FCE09FA8}.Release|Any CPU.ActiveCfg = Release|Any CPU
		{C3464BA2-EF17-48E1-A800-2101FCE09FA8}.Release|Any CPU.Build.0 = Release|Any CPU
	EndGlobalSection
	GlobalSection(SolutionProperties) = preSolution
		HideSolutionNode = FALSE
	EndGlobalSection
	GlobalSection(ExtensibilityGlobals) = postSolution
		SolutionGuid = {6F451718-13C9-4799-99A5-E9DC1687AEB0}
	EndGlobalSection
EndGlobal
